
Microsoft Visual Studio Solution File, Format Version 12.00
# Visual Studio Version 17
VisualStudioVersion = 17.5.33502.453
MinimumVisualStudioVersion = 10.0.40219.1
Project("{FAE04EC0-301F-11D3-BF4B-00C04F79EFBC}") = "Clase1Abril", "Clase1Abril\Clase1Abril.csproj", "{F431F921-2F50-4BD0-B2FE-521B608DE6D2}"
EndProject
Global
	GlobalSection(SolutionConfigurationPlatforms) = preSolution
		Debug|Any CPU = Debug|Any CPU
		Release|Any CPU = Release|Any CPU
	EndGlobalSection
	GlobalSection(ProjectConfigurationPlatforms) = postSolution
		{F431F921-2F50-4BD0-B2FE-521B608DE6D2}.Debug|Any CPU.ActiveCfg = Debug|Any CPU
		{F431F921-2F50-4BD0-B2FE-521B608DE6D2}.Debug|Any CPU.Build.0 = Debug|Any CPU
		{F431F921-2F50-4BD0-B2FE-521B608DE6D2}.Release|Any CPU.ActiveCfg = Release|Any CPU
		{F431F921-2F50-4BD0-B2FE-521B608DE6D2}.Release|Any CPU.Build.0 = Release|Any CPU
	EndGlobalSection
	GlobalSection(SolutionProperties) = preSolution
		HideSolutionNode = FALSE
	EndGlobalSection
	GlobalSection(ExtensibilityGlobals) = postSolution
		SolutionGuid = {0C72A635-890A-4855-A696-CC1730635E92}
	EndGlobalSection
EndGlobal
